
Microsoft Visual Studio Solution File, Format Version 12.00
# Visual Studio Version 17
VisualStudioVersion = 17.5.002.0
MinimumVisualStudioVersion = 10.0.40219.1
Project("{9A19103F-16F7-4668-BE54-9A1E7A4F7556}") = "TrabajoPractivoJSON", "TrabajoPractivoJSON\TrabajoPractivoJSON.csproj", "{81B253FE-6ECA-47C9-A29C-6DFB99E6CCA5}"
EndProject
Global
	GlobalSection(SolutionConfigurationPlatforms) = preSolution
		Debug|Any CPU = Debug|Any CPU
		Release|Any CPU = Release|Any CPU
	EndGlobalSection
	GlobalSection(ProjectConfigurationPlatforms) = postSolution
		{81B253FE-6ECA-47C9-A29C-6DFB99E6CCA5}.Debug|Any CPU.ActiveCfg = Debug|Any CPU
		{81B253FE-6ECA-47C9-A29C-6DFB99E6CCA5}.Debug|Any CPU.Build.0 = Debug|Any CPU
		{81B253FE-6ECA-47C9-A29C-6DFB99E6CCA5}.Release|Any CPU.ActiveCfg = Release|Any CPU
		{81B253FE-6ECA-47C9-A29C-6DFB99E6CCA5}.Release|Any CPU.Build.0 = Release|Any CPU
	EndGlobalSection
	GlobalSection(SolutionProperties) = preSolution
		HideSolutionNode = FALSE
	EndGlobalSection
	GlobalSection(ExtensibilityGlobals) = postSolution
		SolutionGuid = {B85D99FE-ACD8-4F76-A3D0-605369F9AB0A}
	EndGlobalSection
EndGlobal
